# THIS IS AN AUTOGENERATED FILE. DO NOT EDIT THIS FILE DIRECTLY.
# yarn lockfile v1


"@sinonjs/commons@^1.6.0", "@sinonjs/commons@^1.7.0", "@sinonjs/commons@^1.8.1":
  version "1.8.6"
  resolved "https://registry.yarnpkg.com/@sinonjs/commons/-/commons-1.8.6.tgz#80c516a4dc264c2a69115e7578d62581ff455ed9"
  integrity sha512-Ky+XkAkqPZSm3NLBeUng77EBQl3cmeJhITaGHdYH8kjVB+aun3S4XBRti2zt17mtt0mIUDiNxYeoJm6drVvBJQ==
  dependencies:
    type-detect "4.0.8"

"@sinonjs/fake-timers@^6.0.0", "@sinonjs/fake-timers@^6.0.1":
  version "6.0.1"
  resolved "https://registry.yarnpkg.com/@sinonjs/fake-timers/-/fake-timers-6.0.1.tgz#293674fccb3262ac782c7aadfdeca86b10c75c40"
  integrity sha512-MZPUxrmFubI36XS1DI3qmI0YdN1gks62JtFZvxR67ljjSNCeK6U08Zx4msEWOXuofgqUt6zPHSi1H9fbjR/NRA==
  dependencies:
    "@sinonjs/commons" "^1.7.0"

"@sinonjs/samsam@^5.3.1":
  version "5.3.1"
  resolved "https://registry.yarnpkg.com/@sinonjs/samsam/-/samsam-5.3.1.tgz#375a45fe6ed4e92fca2fb920e007c48232a6507f"
  integrity sha512-1Hc0b1TtyfBu8ixF/tpfSHTVWKwCBLY4QJbkgnE7HcwyvT2xArDxb4K7dMgqRm3szI+LJbzmW/s4xxEhv6hwDg==
  dependencies:
    "@sinonjs/commons" "^1.6.0"
    lodash.get "^4.4.2"
    type-detect "^4.0.8"

"@sinonjs/text-encoding@^0.7.1":
  version "0.7.1"
  resolved "https://registry.yarnpkg.com/@sinonjs/text-encoding/-/text-encoding-0.7.1.tgz#8da5c6530915653f3a1f38fd5f101d8c3f8079c5"
  integrity sha512-+iTbntw2IZPb/anVDbypzfQa+ay64MW0Zo8aJ8gZPWMMK6/OubMVb6lUPMagqjOPnmtauXnFCACVl3O7ogjeqQ==

"@types/node@*":
  version "14.14.10"
  resolved "https://registry.yarnpkg.com/@types/node/-/node-14.14.10.tgz#5958a82e41863cfc71f2307b3748e3491ba03785"
  integrity sha512-J32dgx2hw8vXrSbu4ZlVhn1Nm3GbeCFNw2FWL8S5QKucHGY0cyNwjdQdO+KMBZ4wpmC7KhLCiNsdk1RFRIYUQQ==

"@types/sinon@^9.0.1":
  version "9.0.9"
  resolved "https://registry.yarnpkg.com/@types/sinon/-/sinon-9.0.9.tgz#115843b491583f924080f684b6d0d7438344f73c"
  integrity sha512-z/y8maYOQyYLyqaOB+dYQ6i0pxKLOsfwCmHmn4T7jS/SDHicIslr37oE3Dg8SCqKrKeBy6Lemu7do2yy+unLrw==
  dependencies:
    "@types/sinonjs__fake-timers" "*"

"@types/sinonjs__fake-timers@*":
  version "6.0.2"
  resolved "https://registry.yarnpkg.com/@types/sinonjs__fake-timers/-/sinonjs__fake-timers-6.0.2.tgz#3a84cf5ec3249439015e14049bd3161419bf9eae"
  integrity sha512-dIPoZ3g5gcx9zZEszaxLSVTvMReD3xxyyDnQUjA6IYDG9Ba2AV0otMPs+77sG9ojB4Qr2N2Vk5RnKeuA0X/0bg==

async@^1.5.2:
  version "1.5.2"
  resolved "https://registry.yarnpkg.com/async/-/async-1.5.2.tgz#ec6a61ae56480c0c3cb241c95618e20892f9672a"
  integrity sha1-7GphrlZIDAw8skHJVhjiCJL5Zyo=

balanced-match@^1.0.0:
  version "1.0.0"
  resolved "https://registry.yarnpkg.com/balanced-match/-/balanced-match-1.0.0.tgz#89b4d199ab2bee49de164ea02b89ce462d71b767"
  integrity sha1-ibTRmasr7kneFk6gK4nORi1xt2c=

brace-expansion@^1.1.7:
  version "1.1.11"
  resolved "https://registry.yarnpkg.com/brace-expansion/-/brace-expansion-1.1.11.tgz#3c7fcbf529d87226f3d2f52b966ff5271eb441dd"
  integrity sha512-iCuPHDFgrHX7H2vEI/5xpz07zSHB00TpugqhmYtVmMO6518mCuRMoOYFldEBl0g187ufozdaHgWKcYFb61qGiA==
  dependencies:
    balanced-match "^1.0.0"
    concat-map "0.0.1"

clang-format@^1.0.50:
  version "1.4.0"
  resolved "https://registry.yarnpkg.com/clang-format/-/clang-format-1.4.0.tgz#1ee2f10637eb5bb0bd7d0b82c949af68e848367e"
  integrity sha512-NrdyUnHJOGvMa60vbWk7GJTvOdhibj3uK5C0FlwdNG4301OUvqEJTFce9I9x8qw2odBbIVrJ+9xbsFS3a4FbDA==
  dependencies:
    async "^1.5.2"
    glob "^7.0.0"
    resolve "^1.1.6"

concat-map@0.0.1:
  version "0.0.1"
  resolved "https://registry.yarnpkg.com/concat-map/-/concat-map-0.0.1.tgz#d8a96bd77fd68df7793a73036a3ba0d5405d477b"
  integrity sha1-2Klr13/Wjfd5OnMDajug1UBdR3s=

debug@^2.6.9:
  version "2.6.9"
  resolved "https://registry.yarnpkg.com/debug/-/debug-2.6.9.tgz#5d128515df134ff327e90a4c93f4e077a536341f"
  integrity sha512-bC7ElrdJaJnPbAP+1EotYvqZsb3ecl5wi6Bfi6BJTUcNowp6cvspg0jXznRTKDjm/E7AdgFBVeAPVMNcKGsHMA==
  dependencies:
    ms "2.0.0"

diff@^4.0.2:
  version "4.0.2"
  resolved "https://registry.yarnpkg.com/diff/-/diff-4.0.2.tgz#60f3aecb89d5fae520c11aa19efc2bb982aade7d"
  integrity sha512-58lmxKSA4BNyLz+HHMUzlOEpg09FV+ev6ZMe3vJihgdxzgcwZ8VoEEPmALCZG9LmqfVoNMMKpttIYTVG6uDY7A==

escape-string-regexp@^4.0.0:
  version "4.0.0"
  resolved "https://registry.yarnpkg.com/escape-string-regexp/-/escape-string-regexp-4.0.0.tgz#14ba83a5d373e3d311e5afca29cf5bfad965bf34"
  integrity sha512-TtpcNJ3XAzx3Gq8sWRzJaVajRs0uVxA2YAkdb1jm2YkPz4G6egUFAyA3n5vtEIZefPk5Wa4UXbKuS5fKkJWdgA==

fs.realpath@^1.0.0:
  version "1.0.0"
  resolved "https://registry.yarnpkg.com/fs.realpath/-/fs.realpath-1.0.0.tgz#1504ad2523158caa40db4a2787cb01411994ea4f"
  integrity sha1-FQStJSMVjKpA20onh8sBQRmU6k8=

function-bind@^1.1.1:
  version "1.1.1"
  resolved "https://registry.yarnpkg.com/function-bind/-/function-bind-1.1.1.tgz#a56899d3ea3c9bab874bb9773b7c5ede92f4895d"
  integrity sha512-yIovAzMX49sF8Yl58fSCWJ5svSLuaibPxXQJFLmBObTuCr0Mf1KiPopGM9NiFjiYBCbfaa2Fh6breQ6ANVTI0A==

glob@^7.0.0:
  version "7.1.6"
  resolved "https://registry.yarnpkg.com/glob/-/glob-7.1.6.tgz#141f33b81a7c2492e125594307480c46679278a6"
  integrity sha512-LwaxwyZ72Lk7vZINtNNrywX0ZuLyStrdDtabefZKAY5ZGJhVtgdznluResxNmPitE0SAO+O26sWTHeKSI2wMBA==
  dependencies:
    fs.realpath "^1.0.0"
    inflight "^1.0.4"
    inherits "2"
    minimatch "^3.0.4"
    once "^1.3.0"
    path-is-absolute "^1.0.0"

has-flag@^4.0.0:
  version "4.0.0"
  resolved "https://registry.yarnpkg.com/has-flag/-/has-flag-4.0.0.tgz#944771fd9c81c81265c4d6941860da06bb59479b"
  integrity sha512-EykJT/Q1KjTWctppgIAgfSO0tKVuZUjhgMr17kqTumMl6Afv3EISleU7qZUzoXDFTAHTDC4NOoG/ZxU3EvlMPQ==

has@^1.0.3:
  version "1.0.3"
  resolved "https://registry.yarnpkg.com/has/-/has-1.0.3.tgz#722d7cbfc1f6aa8241f16dd814e011e1f41e8796"
  integrity sha512-f2dvO0VU6Oej7RkWJGrehjbzMAjFp5/VKPp5tTpWIV4JHHZK1/BxbFRtf/siA2SWTe09caDmVtYYzWEIbBS4zw==
  dependencies:
    function-bind "^1.1.1"

inflight@^1.0.4:
  version "1.0.6"
  resolved "https://registry.yarnpkg.com/inflight/-/inflight-1.0.6.tgz#49bd6331d7d02d0c09bc910a1075ba8165b56df9"
  integrity sha1-Sb1jMdfQLQwJvJEKEHW6gWW1bfk=
  dependencies:
    once "^1.3.0"
    wrappy "1"

inherits@2:
  version "2.0.4"
  resolved "https://registry.yarnpkg.com/inherits/-/inherits-2.0.4.tgz#0fa2c64f932917c3433a0ded55363aae37416b7c"
  integrity sha512-k/vGaX4/Yla3WzyMCvTQOXYeIHvqOKtnqBduzTHpzpQZzAskKMhZ2K+EnBiSM9zGSoIFeMpXKxa4dYeZIQqewQ==

is-core-module@^2.1.0:
  version "2.2.0"
  resolved "https://registry.yarnpkg.com/is-core-module/-/is-core-module-2.2.0.tgz#97037ef3d52224d85163f5597b2b63d9afed981a"
  integrity sha512-XRAfAdyyY5F5cOXn7hYQDqh2Xmii+DEfIcQGxK/uNwMHhIkPWO0g8msXcbzLe+MpGoR951MlqM/2iIlU4vKDdQ==
  dependencies:
    has "^1.0.3"

is-docker@^2.0.0:
  version "2.1.1"
  resolved "https://registry.yarnpkg.com/is-docker/-/is-docker-2.1.1.tgz#4125a88e44e450d384e09047ede71adc2d144156"
  integrity sha512-ZOoqiXfEwtGknTiuDEy8pN2CfE3TxMHprvNer1mXiqwkOT77Rw3YVrUQ52EqAOU3QAWDQ+bQdx7HJzrv7LS2Hw==

is-wsl@^2.2.0:
  version "2.2.0"
  resolved "https://registry.yarnpkg.com/is-wsl/-/is-wsl-2.2.0.tgz#74a4c76e77ca9fd3f932f290c17ea326cd157271"
  integrity sha512-fKzAra0rGJUUBwGBgNkHZuToZcn+TtXHpeCgmkMJMMYx1sQDYaCSyjJBSCa2nH1DGm7s3n1oBnohoVTBaN7Lww==
  dependencies:
    is-docker "^2.0.0"

isarray@0.0.1:
  version "0.0.1"
  resolved "https://registry.yarnpkg.com/isarray/-/isarray-0.0.1.tgz#8a18acfca9a8f4177e09abfc6038939b05d1eedf"
  integrity sha1-ihis/Kmo9Bd+Cav8YDiTmwXR7t8=

just-extend@^4.0.2:
  version "4.1.1"
  resolved "https://registry.yarnpkg.com/just-extend/-/just-extend-4.1.1.tgz#158f1fdb01f128c411dc8b286a7b4837b3545282"
  integrity sha512-aWgeGFW67BP3e5181Ep1Fv2v8z//iBJfrvyTnq8wG86vEESwmonn1zPBJ0VfmT9CJq2FIT0VsETtrNFm2a+SHA==

lighthouse-logger@^2.0.1:
  version "2.0.1"
  resolved "https://registry.yarnpkg.com/lighthouse-logger/-/lighthouse-logger-2.0.1.tgz#48895f639b61cca89346bb6f47f7403a3895fa02"
  integrity sha512-ioBrW3s2i97noEmnXxmUq7cjIcVRjT5HBpAYy8zE11CxU9HqlWHHeRxfeN1tn8F7OEMVPIC9x1f8t3Z7US9ehQ==
  dependencies:
    debug "^2.6.9"
    marky "^1.2.2"

lodash.get@^4.4.2:
  version "4.4.2"
  resolved "https://registry.yarnpkg.com/lodash.get/-/lodash.get-4.4.2.tgz#2d177f652fa31e939b4438d5341499dfa3825e99"
  integrity sha1-LRd/ZS+jHpObRDjVNBSZ36OCXpk=

marky@^1.2.2:
  version "1.2.5"
  resolved "https://registry.yarnpkg.com/marky/-/marky-1.2.5.tgz#55796b688cbd72390d2d399eaaf1832c9413e3c0"
  integrity sha512-q9JtQJKjpsVxCRVgQ+WapguSbKC3SQ5HEzFGPAJMStgh3QjCawp00UKv3MTTAArTmGmmPUvllHZoNbZ3gs0I+Q==

minimatch@^3.0.4:
  version "3.1.2"
  resolved "https://registry.yarnpkg.com/minimatch/-/minimatch-3.1.2.tgz#19cd194bfd3e428f049a70817c038d89ab4be35b"
  integrity sha512-J7p63hRiAjw1NDEww1W7i37+ByIrOWO5XQQAzZ3VOcL0PNybwpfmV/N05zFAzwQ9USyEcX6t3UO+K5aqBQOIHw==
  dependencies:
    brace-expansion "^1.1.7"

ms@2.0.0:
  version "2.0.0"
  resolved "https://registry.yarnpkg.com/ms/-/ms-2.0.0.tgz#5608aeadfc00be6c2901df5f9861788de0d597c8"
  integrity sha1-VgiurfwAvmwpAd9fmGF4jeDVl8g=

nise@^4.0.4:
  version "4.1.0"
  resolved "https://registry.yarnpkg.com/nise/-/nise-4.1.0.tgz#8fb75a26e90b99202fa1e63f448f58efbcdedaf6"
  integrity sha512-eQMEmGN/8arp0xsvGoQ+B1qvSkR73B1nWSCh7nOt5neMCtwcQVYQGdzQMhcNscktTsWB54xnlSQFzOAPJD8nXA==
  dependencies:
    "@sinonjs/commons" "^1.7.0"
    "@sinonjs/fake-timers" "^6.0.0"
    "@sinonjs/text-encoding" "^0.7.1"
    just-extend "^4.0.2"
    path-to-regexp "^1.7.0"

once@^1.3.0:
  version "1.4.0"
  resolved "https://registry.yarnpkg.com/once/-/once-1.4.0.tgz#583b1aa775961d4b113ac17d9c50baef9dd76bd1"
  integrity sha1-WDsap3WWHUsROsF9nFC6753Xa9E=
  dependencies:
    wrappy "1"

path-is-absolute@^1.0.0:
  version "1.0.1"
  resolved "https://registry.yarnpkg.com/path-is-absolute/-/path-is-absolute-1.0.1.tgz#174b9268735534ffbc7ace6bf53a5a9e1b5c5f5f"
  integrity sha1-F0uSaHNVNP+8es5r9TpanhtcX18=

path-parse@^1.0.6:
  version "1.0.7"
  resolved "https://registry.yarnpkg.com/path-parse/-/path-parse-1.0.7.tgz#fbc114b60ca42b30d9daf5858e4bd68bbedb6735"
  integrity sha512-LDJzPVEEEPR+y48z93A0Ed0yXb8pAByGWo/k5YYdYgpY2/2EsOsksJrq7lOHxryrVOn1ejG6oAp8ahvOIQD8sw==

path-to-regexp@^1.7.0:
  version "1.9.0"
  resolved "https://registry.yarnpkg.com/path-to-regexp/-/path-to-regexp-1.9.0.tgz#5dc0753acbf8521ca2e0f137b4578b917b10cf24"
  integrity sha512-xIp7/apCFJuUHdDLWe8O1HIkb0kQrOMb/0u6FXQjemHn/ii5LrIzU6bdECnsiTF/GjZkMEKg1xdiZwNqDYlZ6g==
  dependencies:
    isarray "0.0.1"

resolve@^1.1.6:
  version "1.19.0"
  resolved "https://registry.yarnpkg.com/resolve/-/resolve-1.19.0.tgz#1af5bf630409734a067cae29318aac7fa29a267c"
  integrity sha512-rArEXAgsBG4UgRGcynxWIWKFvh/XZCcS8UJdHhwy91zwAvCZIbcs+vAbflgBnNjYMs/i/i+/Ux6IZhML1yPvxg==
  dependencies:
    is-core-module "^2.1.0"
    path-parse "^1.0.6"

sinon@^9.0.1:
  version "9.2.4"
  resolved "https://registry.yarnpkg.com/sinon/-/sinon-9.2.4.tgz#e55af4d3b174a4443a8762fa8421c2976683752b"
  integrity sha512-zljcULZQsJxVra28qIAL6ow1Z9tpattkCTEJR4RBP3TGc00FcttsP5pK284Nas5WjMZU5Yzy3kAIp3B3KRf5Yg==
  dependencies:
    "@sinonjs/commons" "^1.8.1"
    "@sinonjs/fake-timers" "^6.0.1"
    "@sinonjs/samsam" "^5.3.1"
    diff "^4.0.2"
    nise "^4.0.4"
    supports-color "^7.1.0"

supports-color@^7.1.0:
  version "7.2.0"
  resolved "https://registry.yarnpkg.com/supports-color/-/supports-color-7.2.0.tgz#1b7dcdcb32b8138801b3e478ba6a51caa89648da"
  integrity sha512-qpCAvRl9stuOHveKsn7HncJRvv501qIacKzQlO/+Lwxc9+0q2wLyv4Dfvt80/DPn2pqOBsJdDiogXGR9+OvwRw==
  dependencies:
    has-flag "^4.0.0"

type-detect@4.0.8, type-detect@^4.0.8:
  version "4.0.8"
  resolved "https://registry.yarnpkg.com/type-detect/-/type-detect-4.0.8.tgz#7646fb5f18871cfbb7749e69bd39a6388eb7450c"
  integrity sha512-0fr/mIH1dlO+x7TlcMy+bIDqKPsw/70tVyeHW787goQjhmqaZe10uwLujubK9q9Lg6Fiho1KUKDYz0Z7k7g5/g==

typescript@^4.1.2:
  version "4.1.2"
  resolved "https://registry.yarnpkg.com/typescript/-/typescript-4.1.2.tgz#6369ef22516fe5e10304aae5a5c4862db55380e9"
  integrity sha512-thGloWsGH3SOxv1SoY7QojKi0tc+8FnOmiarEGMbd/lar7QOEd3hvlx3Fp5y6FlDUGl9L+pd4n2e+oToGMmhRQ==

wrappy@1:
  version "1.0.2"
  resolved "https://registry.yarnpkg.com/wrappy/-/wrappy-1.0.2.tgz#b5243d8f3ec1aa35f1364605bc0d1036e30ab69f"
  integrity sha1-tSQ9jz7BqjXxNkYFvA0QNuMKtp8=
