# THIS IS AN AUTOGENERATED FILE. DO NOT EDIT THIS FILE DIRECTLY.
# yarn lockfile v1


"@types/node@^6.0.45":
  version "6.0.66"
  resolved "https://registry.yarnpkg.com/@types/node/-/node-6.0.66.tgz#5680b74a6135d33d4c00447e7c3dc691a4601625"

typescript@^2.2.0:
  version "2.2.1"
  resolved "https://registry.yarnpkg.com/typescript/-/typescript-2.2.1.tgz#4862b662b988a4c8ff691cc7969622d24db76ae9"
